
Microsoft Visual Studio Solution File, Format Version 12.00
# Visual Studio Version 16
VisualStudioVersion = 16.0.31025.194
MinimumVisualStudioVersion = 10.0.40219.1
Project("{9A19103F-16F7-4668-BE54-9A1E7A4F7556}") = "NewWebApplication", "NewWebApplication.csproj", "{1E3738AF-5598-42CF-91D1-231D3166B467}"
EndProject
Project("{FAE04EC0-301F-11D3-BF4B-00C04F79EFBC}") = "DBServiceProvider", "..\DBServiceProvider\DBServiceProvider.csproj", "{A5DB56A6-4143-4D7F-AD70-F7AE34EE3DFB}"
EndProject
Global
	GlobalSection(SolutionConfigurationPlatforms) = preSolution
		Debug|Any CPU = Debug|Any CPU
		Release|Any CPU = Release|Any CPU
	EndGlobalSection
	GlobalSection(ProjectConfigurationPlatforms) = postSolution
		{1E3738AF-5598-42CF-91D1-231D3166B467}.Debug|Any CPU.ActiveCfg = Debug|Any CPU
		{1E3738AF-5598-42CF-91D1-231D3166B467}.Debug|Any CPU.Build.0 = Debug|Any CPU
		{1E3738AF-5598-42CF-91D1-231D3166B467}.Release|Any CPU.ActiveCfg = Release|Any CPU
		{1E3738AF-5598-42CF-91D1-231D3166B467}.Release|Any CPU.Build.0 = Release|Any CPU
		{A5DB56A6-4143-4D7F-AD70-F7AE34EE3DFB}.Debug|Any CPU.ActiveCfg = Debug|Any CPU
		{A5DB56A6-4143-4D7F-AD70-F7AE34EE3DFB}.Debug|Any CPU.Build.0 = Debug|Any CPU
		{A5DB56A6-4143-4D7F-AD70-F7AE34EE3DFB}.Release|Any CPU.ActiveCfg = Release|Any CPU
		{A5DB56A6-4143-4D7F-AD70-F7AE34EE3DFB}.Release|Any CPU.Build.0 = Release|Any CPU
	EndGlobalSection
	GlobalSection(SolutionProperties) = preSolution
		HideSolutionNode = FALSE
	EndGlobalSection
	GlobalSection(ExtensibilityGlobals) = postSolution
		SolutionGuid = {E16469D5-61DB-46AE-9245-75D708DC26F8}
	EndGlobalSection
EndGlobal
